PODS:
  - MaterialComponents/ShadowElevations (23.0.2)
  - MaterialComponents/ShadowLayer (23.0.2)

DEPENDENCIES:
  - MaterialComponents/ShadowElevations (from `../../`)
  - MaterialComponents/ShadowLayer (from `../../`)

EXTERNAL SOURCES:
  MaterialComponents:
    :path: "../../"

SPEC CHECKSUMS:
  MaterialComponents: 578252170c40b22d06f01e583237ab6da7e24153

PODFILE CHECKSUM: 238ed9ba58d5e4a3638e6cea92b00109641989f8

COCOAPODS: 1.1.1
